// !$*UTF8*$!
{
	archiveVersion = 1;
	classes = {
	};
	objectVersion = 48;
	objects = {

/* Begin PBXBuildFile section */
		3EFE25741F4AF972001F36B1 /* AppDelegate.m in Sources */ = {isa = PBXBuildFile; fileRef = 3EFE25731F4AF972001F36B1 /* AppDelegate.m */; };
		3EFE25771F4AF972001F36B1 /* ViewController.m in Sources */ = {isa = PBXBuildFile; fileRef = 3EFE25761F4AF972001F36B1 /* ViewController.m */; };
		3EFE257A1F4AF972001F36B1 /* Main.storyboard in Resources */ = {isa = PBXBuildFile; fileRef = 3EFE25781F4AF972001F36B1 /* Main.storyboard */; };
		3EFE257C1F4AF972001F36B1 /* Assets.xcassets in Resources */ = {isa = PBXBuildFile; fileRef = 3EFE257B1F4AF972001F36B1 /* Assets.xcassets */; };
		3EFE257F1F4AF972001F36B1 /* LaunchScreen.storyboard in Resources */ = {isa = PBXBuildFile; fileRef = 3EFE257D1F4AF972001F36B1 /* LaunchScreen.storyboard */; };
		3EFE25821F4AF972001F36B1 /* main.m in Sources */ = {isa = PBXBuildFile; fileRef = 3EFE25811F4AF972001F36B1 /* main.m */; };
		3EFE258C1F4AF972001F36B1 /* demoTests.m in Sources */ = {isa = PBXBuildFile; fileRef = 3EFE258B1F4AF972001F36B1 /* demoTests.m */; };
		3EFE25971F4AF972001F36B1 /* demoUITests.m in Sources */ = {isa = PBXBuildFile; fileRef = 3EFE25961F4AF972001F36B1 /* demoUITests.m */; };
		3EFE25A51F4AF9EA001F36B1 /* 1.jpg in Resources */ = {isa = PBXBuildFile; fileRef = 3EFE25A41F4AF9A9001F36B1 /* 1.jpg */; };
		3EFE25AB1F4AFF83001F36B1 /* 6.jpeg in Resources */ = {isa = PBXBuildFile; fileRef = 3EFE25AA1F4AFF83001F36B1 /* 6.jpeg */; };
/* End PBXBuildFile section */

/* Begin PBXContainerItemProxy section */
		3EFE25881F4AF972001F36B1 /* PBXContainerItemProxy */ = {
			isa = PBXContainerItemProxy;
			containerPortal = 3EFE25671F4AF972001F36B1 /* Project object */;
			proxyType = 1;
			remoteGlobalIDString = 3EFE256E1F4AF972001F36B1;
			remoteInfo = demo;
		};
		3EFE25931F4AF972001F36B1 /* PBXContainerItemProxy */ = {
			isa = PBXContainerItemProxy;
			containerPortal = 3EFE25671F4AF972001F36B1 /* Project object */;
			proxyType = 1;
			remoteGlobalIDString = 3EFE256E1F4AF972001F36B1;
			remoteInfo = demo;
		};
/* End PBXContainerItemProxy section */

/* Begin PBXFileReference section */
		3E4A267F1F4D79C100F503D7 /* 5.jpeg */ = {isa = PBXFileReference; lastKnownFileType = image.jpeg; path = 5.jpeg; sourceTree = "<group>"; };
		3E4A26801F4D79C700F503D7 /* 3.jpeg */ = {isa = PBXFileReference; lastKnownFileType = image.jpeg; path = 3.jpeg; sourceTree = "<group>"; };
		3EFE256F1F4AF972001F36B1 /* demo.app */ = {isa = PBXFileReference; explicitFileType = wrapper.application; includeInIndex = 0; path = demo.app; sourceTree = BUILT_PRODUCTS_DIR; };
		3EFE25721F4AF972001F36B1 /* AppDelegate.h */ = {isa = PBXFileReference; lastKnownFileType = sourcecode.c.h; path = AppDelegate.h; sourceTree = "<group>"; };
		3EFE25731F4AF972001F36B1 /* AppDelegate.m */ = {isa = PBXFileReference; lastKnownFileType = sourcecode.c.objc; path = AppDelegate.m; sourceTree = "<group>"; };
		3EFE25751F4AF972001F36B1 /* ViewController.h */ = {isa = PBXFileReference; lastKnownFileType = sourcecode.c.h; path = ViewController.h; sourceTree = "<group>"; };
		3EFE25761F4AF972001F36B1 /* ViewController.m */ = {isa = PBXFileReference; lastKnownFileType = sourcecode.c.objc; path = ViewController.m; sourceTree = "<group>"; };
		3EFE25791F4AF972001F36B1 /* Base */ = {isa = PBXFileReference; lastKnownFileType = file.storyboard; name = Base; path = Base.lproj/Main.storyboard; sourceTree = "<group>"; };
		3EFE257B1F4AF972001F36B1 /* Assets.xcassets */ = {isa = PBXFileReference; lastKnownFileType = folder.assetcatalog; path = Assets.xcassets; sourceTree = "<group>"; };
		3EFE257E1F4AF972001F36B1 /* Base */ = {isa = PBXFileReference; lastKnownFileType = file.storyboard; name = Base; path = Base.lproj/LaunchScreen.storyboard; sourceTree = "<group>"; };
		3EFE25801F4AF972001F36B1 /* Info.plist */ = {isa = PBXFileReference; lastKnownFileType = text.plist.xml; path = Info.plist; sourceTree = "<group>"; };
		3EFE25811F4AF972001F36B1 /* main.m */ = {isa = PBXFileReference; lastKnownFileType = sourcecode.c.objc; path = main.m; sourceTree = "<group>"; };
		3EFE25871F4AF972001F36B1 /* demoTests.xctest */ = {isa = PBXFileReference; explicitFileType = wrapper.cfbundle; includeInIndex = 0; path = demoTests.xctest; sourceTree = BUILT_PRODUCTS_DIR; };
		3EFE258B1F4AF972001F36B1 /* demoTests.m */ = {isa = PBXFileReference; lastKnownFileType = sourcecode.c.objc; path = demoTests.m; sourceTree = "<group>"; };
		3EFE258D1F4AF972001F36B1 /* Info.plist */ = {isa = PBXFileReference; lastKnownFileType = text.plist.xml; path = Info.plist; sourceTree = "<group>"; };
		3EFE25921F4AF972001F36B1 /* demoUITests.xctest */ = {isa = PBXFileReference; explicitFileType = wrapper.cfbundle; includeInIndex = 0; path = demoUITests.xctest; sourceTree = BUILT_PRODUCTS_DIR; };
		3EFE25961F4AF972001F36B1 /* demoUITests.m */ = {isa = PBXFileReference; lastKnownFileType = sourcecode.c.objc; path = demoUITests.m; sourceTree = "<group>"; };
		3EFE25981F4AF972001F36B1 /* Info.plist */ = {isa = PBXFileReference; lastKnownFileType = text.plist.xml; path = Info.plist; sourceTree = "<group>"; };
		3EFE25A41F4AF9A9001F36B1 /* 1.jpg */ = {isa = PBXFileReference; lastKnownFileType = image.jpeg; path = 1.jpg; sourceTree = "<group>"; };
		3EFE25AA1F4AFF83001F36B1 /* 6.jpeg */ = {isa = PBXFileReference; lastKnownFileType = image.jpeg; name = 6.jpeg; path = ../../../Downloads/6.jpeg; sourceTree = "<group>"; };
/* End PBXFileReference section */

/* Begin PBXFrameworksBuildPhase section */
		3EFE256C1F4AF972001F36B1 /* Frameworks */ = {
			isa = PBXFrameworksBuildPhase;
			buildActionMask = 2147483647;
			files = (
			);
			runOnlyForDeploymentPostprocessing = 0;
		};
		3EFE25841F4AF972001F36B1 /* Frameworks */ = {
			isa = PBXFrameworksBuildPhase;
			buildActionMask = 2147483647;
			files = (
			);
			runOnlyForDeploymentPostprocessing = 0;
		};
		3EFE258F1F4AF972001F36B1 /* Frameworks */ = {
			isa = PBXFrameworksBuildPhase;
			buildActionMask = 2147483647;
			files = (
			);
			runOnlyForDeploymentPostprocessing = 0;
		};
/* End PBXFrameworksBuildPhase section */

/* Begin PBXGroup section */
		3EFE25661F4AF972001F36B1 = {
			isa = PBXGroup;
			children = (
				3EFE25711F4AF972001F36B1 /* demo */,
				3EFE258A1F4AF972001F36B1 /* demoTests */,
				3EFE25951F4AF972001F36B1 /* demoUITests */,
				3EFE25701F4AF972001F36B1 /* Products */,
			);
			sourceTree = "<group>";
		};
		3EFE25701F4AF972001F36B1 /* Products */ = {
			isa = PBXGroup;
			children = (
				3EFE256F1F4AF972001F36B1 /* demo.app */,
				3EFE25871F4AF972001F36B1 /* demoTests.xctest */,
				3EFE25921F4AF972001F36B1 /* demoUITests.xctest */,
			);
			name = Products;
			sourceTree = "<group>";
		};
		3EFE25711F4AF972001F36B1 /* demo */ = {
			isa = PBXGroup;
			children = (
				3EFE25721F4AF972001F36B1 /* AppDelegate.h */,
				3EFE25731F4AF972001F36B1 /* AppDelegate.m */,
				3EFE25751F4AF972001F36B1 /* ViewController.h */,
				3EFE25761F4AF972001F36B1 /* ViewController.m */,
				3E4A26801F4D79C700F503D7 /* 3.jpeg */,
				3EFE25AA1F4AFF83001F36B1 /* 6.jpeg */,
				3E4A267F1F4D79C100F503D7 /* 5.jpeg */,
				3EFE25A41F4AF9A9001F36B1 /* 1.jpg */,
				3EFE25781F4AF972001F36B1 /* Main.storyboard */,
				3EFE257B1F4AF972001F36B1 /* Assets.xcassets */,
				3EFE257D1F4AF972001F36B1 /* LaunchScreen.storyboard */,
				3EFE25801F4AF972001F36B1 /* Info.plist */,
				3EFE25811F4AF972001F36B1 /* main.m */,
			);
			path = demo;
			sourceTree = "<group>";
		};
		3EFE258A1F4AF972001F36B1 /* demoTests */ = {
			isa = PBXGroup;
			children = (
				3EFE258B1F4AF972001F36B1 /* demoTests.m */,
				3EFE258D1F4AF972001F36B1 /* Info.plist */,
			);
			path = demoTests;
			sourceTree = "<group>";
		};
		3EFE25951F4AF972001F36B1 /* demoUITests */ = {
			isa = PBXGroup;
			children = (
				3EFE25961F4AF972001F36B1 /* demoUITests.m */,
				3EFE25981F4AF972001F36B1 /* Info.plist */,
			);
			path = demoUITests;
			sourceTree = "<group>";
		};
/* End PBXGroup section */

/* Begin PBXNativeTarget section */
		3EFE256E1F4AF972001F36B1 /* demo */ = {
			isa = PBXNativeTarget;
			buildConfigurationList = 3EFE259B1F4AF972001F36B1 /* Build configuration list for PBXNativeTarget "demo" */;
			buildPhases = (
				3EFE256B1F4AF972001F36B1 /* Sources */,
				3EFE256C1F4AF972001F36B1 /* Frameworks */,
				3EFE256D1F4AF972001F36B1 /* Resources */,
			);
			buildRules = (
			);
			dependencies = (
			);
			name = demo;
			productName = demo;
			productReference = 3EFE256F1F4AF972001F36B1 /* demo.app */;
			productType = "com.apple.product-type.application";
		};
		3EFE25861F4AF972001F36B1 /* demoTests */ = {
			isa = PBXNativeTarget;
			buildConfigurationList = 3EFE259E1F4AF972001F36B1 /* Build configuration list for PBXNativeTarget "demoTests" */;
			buildPhases = (
				3EFE25831F4AF972001F36B1 /* Sources */,
				3EFE25841F4AF972001F36B1 /* Frameworks */,
				3EFE25851F4AF972001F36B1 /* Resources */,
			);
			buildRules = (
			);
			dependencies = (
				3EFE25891F4AF972001F36B1 /* PBXTargetDependency */,
			);
			name = demoTests;
			productName = demoTests;
			productReference = 3EFE25871F4AF972001F36B1 /* demoTests.xctest */;
			productType = "com.apple.product-type.bundle.unit-test";
		};
		3EFE25911F4AF972001F36B1 /* demoUITests */ = {
			isa = PBXNativeTarget;
			buildConfigurationList = 3EFE25A11F4AF972001F36B1 /* Build configuration list for PBXNativeTarget "demoUITests" */;
			buildPhases = (
				3EFE258E1F4AF972001F36B1 /* Sources */,
				3EFE258F1F4AF972001F36B1 /* Frameworks */,
				3EFE25901F4AF972001F36B1 /* Resources */,
			);
			buildRules = (
			);
			dependencies = (
				3EFE25941F4AF972001F36B1 /* PBXTargetDependency */,
			);
			name = demoUITests;
			productName = demoUITests;
			productReference = 3EFE25921F4AF972001F36B1 /* demoUITests.xctest */;
			productType = "com.apple.product-type.bundle.ui-testing";
		};
/* End PBXNativeTarget section */

/* Begin PBXProject section */
		3EFE25671F4AF972001F36B1 /* Project object */ = {
			isa = PBXProject;
			attributes = {
				LastUpgradeCheck = 0900;
				ORGANIZATIONNAME = yunyunzhang;
				TargetAttributes = {
					3EFE256E1F4AF972001F36B1 = {
						CreatedOnToolsVersion = 9.0;
					};
					3EFE25861F4AF972001F36B1 = {
						CreatedOnToolsVersion = 9.0;
						TestTargetID = 3EFE256E1F4AF972001F36B1;
					};
					3EFE25911F4AF972001F36B1 = {
						CreatedOnToolsVersion = 9.0;
						TestTargetID = 3EFE256E1F4AF972001F36B1;
					};
				};
			};
			buildConfigurationList = 3EFE256A1F4AF972001F36B1 /* Build configuration list for PBXProject "demo" */;
			compatibilityVersion = "Xcode 8.0";
			developmentRegion = en;
			hasScannedForEncodings = 0;
			knownRegions = (
				en,
				Base,
			);
			mainGroup = 3EFE25661F4AF972001F36B1;
			productRefGroup = 3EFE25701F4AF972001F36B1 /* Products */;
			projectDirPath = "";
			projectRoot = "";
			targets = (
				3EFE256E1F4AF972001F36B1 /* demo */,
				3EFE25861F4AF972001F36B1 /* demoTests */,
				3EFE25911F4AF972001F36B1 /* demoUITests */,
			);
		};
/* End PBXProject section */

/* Begin PBXResourcesBuildPhase section */
		3EFE256D1F4AF972001F36B1 /* Resources */ = {
			isa = PBXResourcesBuildPhase;
			buildActionMask = 2147483647;
			files = (
				3EFE257F1F4AF972001F36B1 /* LaunchScreen.storyboard in Resources */,
				3EFE25AB1F4AFF83001F36B1 /* 6.jpeg in Resources */,
				3EFE25A51F4AF9EA001F36B1 /* 1.jpg in Resources */,
				3EFE257C1F4AF972001F36B1 /* Assets.xcassets in Resources */,
				3EFE257A1F4AF972001F36B1 /* Main.storyboard in Resources */,
			);
			runOnlyForDeploymentPostprocessing = 0;
		};
		3EFE25851F4AF972001F36B1 /* Resources */ = {
			isa = PBXResourcesBuildPhase;
			buildActionMask = 2147483647;
			files = (
			);
			runOnlyForDeploymentPostprocessing = 0;
		};
		3EFE25901F4AF972001F36B1 /* Resources */ = {
			isa = PBXResourcesBuildPhase;
			buildActionMask = 2147483647;
			files = (
			);
			runOnlyForDeploymentPostprocessing = 0;
		};
/* End PBXResourcesBuildPhase section */

/* Begin PBXSourcesBuildPhase section */
		3EFE256B1F4AF972001F36B1 /* Sources */ = {
			isa = PBXSourcesBuildPhase;
			buildActionMask = 2147483647;
			files = (
				3EFE25771F4AF972001F36B1 /* ViewController.m in Sources */,
				3EFE25821F4AF972001F36B1 /* main.m in Sources */,
				3EFE25741F4AF972001F36B1 /* AppDelegate.m in Sources */,
			);
			runOnlyForDeploymentPostprocessing = 0;
		};
		3EFE25831F4AF972001F36B1 /* Sources */ = {
			isa = PBXSourcesBuildPhase;
			buildActionMask = 2147483647;
			files = (
				3EFE258C1F4AF972001F36B1 /* demoTests.m in Sources */,
			);
			runOnlyForDeploymentPostprocessing = 0;
		};
		3EFE258E1F4AF972001F36B1 /* Sources */ = {
			isa = PBXSourcesBuildPhase;
			buildActionMask = 2147483647;
			files = (
				3EFE25971F4AF972001F36B1 /* demoUITests.m in Sources */,
			);
			runOnlyForDeploymentPostprocessing = 0;
		};
/* End PBXSourcesBuildPhase section */

/* Begin PBXTargetDependency section */
		3EFE25891F4AF972001F36B1 /* PBXTargetDependency */ = {
			isa = PBXTargetDependency;
			target = 3EFE256E1F4AF972001F36B1 /* demo */;
			targetProxy = 3EFE25881F4AF972001F36B1 /* PBXContainerItemProxy */;
		};
		3EFE25941F4AF972001F36B1 /* PBXTargetDependency */ = {
			isa = PBXTargetDependency;
			target = 3EFE256E1F4AF972001F36B1 /* demo */;
			targetProxy = 3EFE25931F4AF972001F36B1 /* PBXContainerItemProxy */;
		};
/* End PBXTargetDependency section */

/* Begin PBXVariantGroup section */
		3EFE25781F4AF972001F36B1 /* Main.storyboard */ = {
			isa = PBXVariantGroup;
			children = (
				3EFE25791F4AF972001F36B1 /* Base */,
			);
			name = Main.storyboard;
			sourceTree = "<group>";
		};
		3EFE257D1F4AF972001F36B1 /* LaunchScreen.storyboard */ = {
			isa = PBXVariantGroup;
			children = (
				3EFE257E1F4AF972001F36B1 /* Base */,
			);
			name = LaunchScreen.storyboard;
			sourceTree = "<group>";
		};
/* End PBXVariantGroup section */

/* Begin XCBuildConfiguration section */
		3EFE25991F4AF972001F36B1 /* Debug */ = {
			isa = XCBuildConfiguration;
			buildSettings = {
				ALWAYS_SEARCH_USER_PATHS = NO;
				CLANG_ANALYZER_NONNULL = YES;
				CLANG_ANALYZER_NUMBER_OBJECT_CONVERSION = YES_AGGRESSIVE;
				CLANG_CXX_LANGUAGE_STANDARD = "gnu++14";
				CLANG_CXX_LIBRARY = "libc++";
				CLANG_ENABLE_MODULES = YES;
				CLANG_ENABLE_OBJC_ARC = YES;
				CLANG_WARN_BLOCK_CAPTURE_AUTORELEASING = YES;
				CLANG_WARN_BOOL_CONVERSION = YES;
				CLANG_WARN_COMMA = YES;
				CLANG_WARN_CONSTANT_CONVERSION = YES;
				CLANG_WARN_DIRECT_OBJC_ISA_USAGE = YES_ERROR;
				CLANG_WARN_DOCUMENTATION_COMMENTS = YES;
				CLANG_WARN_EMPTY_BODY = YES;
				CLANG_WARN_ENUM_CONVERSION = YES;
				CLANG_WARN_INFINITE_RECURSION = YES;
				CLANG_WARN_INT_CONVERSION = YES;
				CLANG_WARN_NON_LITERAL_NULL_CONVERSION = YES;
				CLANG_WARN_OBJC_LITERAL_CONVERSION = YES;
				CLANG_WARN_OBJC_ROOT_CLASS = YES_ERROR;
				CLANG_WARN_RANGE_LOOP_ANALYSIS = YES;
				CLANG_WARN_STRICT_PROTOTYPES = YES;
				CLANG_WARN_SUSPICIOUS_MOVE = YES;
				CLANG_WARN_UNGUARDED_AVAILABILITY = YES_AGGRESSIVE;
				CLANG_WARN_UNREACHABLE_CODE = YES;
				CLANG_WARN__DUPLICATE_METHOD_MATCH = YES;
				CODE_SIGN_IDENTITY = "iPhone Developer";
				COPY_PHASE_STRIP = NO;
				DEBUG_INFORMATION_FORMAT = dwarf;
				ENABLE_STRICT_OBJC_MSGSEND = YES;
				ENABLE_TESTABILITY = YES;
				GCC_C_LANGUAGE_STANDARD = gnu11;
				GCC_DYNAMIC_NO_PIC = NO;
				GCC_NO_COMMON_BLOCKS = YES;
				GCC_OPTIMIZATION_LEVEL = 0;
				GCC_PREPROCESSOR_DEFINITIONS = (
					"DEBUG=1",
					"$(inherited)",
				);
				GCC_WARN_64_TO_32_BIT_CONVERSION = YES;
				GCC_WARN_ABOUT_RETURN_TYPE = YES_ERROR;
				GCC_WARN_UNDECLARED_SELECTOR = YES;
				GCC_WARN_UNINITIALIZED_AUTOS = YES_AGGRESSIVE;
				GCC_WARN_UNUSED_FUNCTION = YES;
				GCC_WARN_UNUSED_VARIABLE = YES;
				IPHONEOS_DEPLOYMENT_TARGET = 11.0;
				MTL_ENABLE_DEBUG_INFO = YES;
				ONLY_ACTIVE_ARCH = YES;
				SDKROOT = iphoneos;
			};
			name = Debug;
		};
		3EFE259A1F4AF972001F36B1 /* Release */ = {
			isa = XCBuildConfiguration;
			buildSettings = {
				ALWAYS_SEARCH_USER_PATHS = NO;
				CLANG_ANALYZER_NONNULL = YES;
				CLANG_ANALYZER_NUMBER_OBJECT_CONVERSION = YES_AGGRESSIVE;
				CLANG_CXX_LANGUAGE_STANDARD = "gnu++14";
				CLANG_CXX_LIBRARY = "libc++";
				CLANG_ENABLE_MODULES = YES;
				CLANG_ENABLE_OBJC_ARC = YES;
				CLANG_WARN_BLOCK_CAPTURE_AUTORELEASING = YES;
				CLANG_WARN_BOOL_CONVERSION = YES;
				CLANG_WARN_COMMA = YES;
				CLANG_WARN_CONSTANT_CONVERSION = YES;
				CLANG_WARN_DIRECT_OBJC_ISA_USAGE = YES_ERROR;
				CLANG_WARN_DOCUMENTATION_COMMENTS = YES;
				CLANG_WARN_EMPTY_BODY = YES;
				CLANG_WARN_ENUM_CONVERSION = YES;
				CLANG_WARN_INFINITE_RECURSION = YES;
				CLANG_WARN_INT_CONVERSION = YES;
				CLANG_WARN_NON_LITERAL_NULL_CONVERSION = YES;
				CLANG_WARN_OBJC_LITERAL_CONVERSION = YES;
				CLANG_WARN_OBJC_ROOT_CLASS = YES_ERROR;
				CLANG_WARN_RANGE_LOOP_ANALYSIS = YES;
				CLANG_WARN_STRICT_PROTOTYPES = YES;
				CLANG_WARN_SUSPICIOUS_MOVE = YES;
				CLANG_WARN_UNGUARDED_AVAILABILITY = YES_AGGRESSIVE;
				CLANG_WARN_UNREACHABLE_CODE = YES;
				CLANG_WARN__DUPLICATE_METHOD_MATCH = YES;
				CODE_SIGN_IDENTITY = "iPhone Developer";
				COPY_PHASE_STRIP = NO;
				DEBUG_INFORMATION_FORMAT = "dwarf-with-dsym";
				ENABLE_NS_ASSERTIONS = NO;
				ENABLE_STRICT_OBJC_MSGSEND = YES;
				GCC_C_LANGUAGE_STANDARD = gnu11;
				GCC_NO_COMMON_BLOCKS = YES;
				GCC_WARN_64_TO_32_BIT_CONVERSION = YES;
				GCC_WARN_ABOUT_RETURN_TYPE = YES_ERROR;
				GCC_WARN_UNDECLARED_SELECTOR = YES;
				GCC_WARN_UNINITIALIZED_AUTOS = YES_AGGRESSIVE;
				GCC_WARN_UNUSED_FUNCTION = YES;
				GCC_WARN_UNUSED_VARIABLE = YES;
				IPHONEOS_DEPLOYMENT_TARGET = 11.0;
				MTL_ENABLE_DEBUG_INFO = NO;
				SDKROOT = iphoneos;
				VALIDATE_PRODUCT = YES;
			};
			name = Release;
		};
		3EFE259C1F4AF972001F36B1 /* Debug */ = {
			isa = XCBuildConfiguration;
			buildSettings = {
				ASSETCATALOG_COMPILER_APPICON_NAME = AppIcon;
				DEVELOPMENT_TEAM = TU5FVHN7L2;
				INFOPLIST_FILE = demo/Info.plist;
				LD_RUNPATH_SEARCH_PATHS = "$(inherited) @executable_path/Frameworks";
				PRODUCT_BUNDLE_IDENTIFIER = netease.demo;
				PRODUCT_NAME = "$(TARGET_NAME)";
				TARGETED_DEVICE_FAMILY = "1,2";
			};
			name = Debug;
		};
		3EFE259D1F4AF972001F36B1 /* Release */ = {
			isa = XCBuildConfiguration;
			buildSettings = {
				ASSETCATALOG_COMPILER_APPICON_NAME = AppIcon;
				DEVELOPMENT_TEAM = TU5FVHN7L2;
				INFOPLIST_FILE = demo/Info.plist;
				LD_RUNPATH_SEARCH_PATHS = "$(inherited) @executable_path/Frameworks";
				PRODUCT_BUNDLE_IDENTIFIER = netease.demo;
				PRODUCT_NAME = "$(TARGET_NAME)";
				TARGETED_DEVICE_FAMILY = "1,2";
			};
			name = Release;
		};
		3EFE259F1F4AF972001F36B1 /* Debug */ = {
			isa = XCBuildConfiguration;
			buildSettings = {
				BUNDLE_LOADER = "$(TEST_HOST)";
				DEVELOPMENT_TEAM = TU5FVHN7L2;
				INFOPLIST_FILE = demoTests/Info.plist;
				LD_RUNPATH_SEARCH_PATHS = "$(inherited) @executable_path/Frameworks @loader_path/Frameworks";
				PRODUCT_BUNDLE_IDENTIFIER = netease.demoTests;
				PRODUCT_NAME = "$(TARGET_NAME)";
				TARGETED_DEVICE_FAMILY = "1,2";
				TEST_HOST = "$(BUILT_PRODUCTS_DIR)/demo.app/demo";
			};
			name = Debug;
		};
		3EFE25A01F4AF972001F36B1 /* Release */ = {
			isa = XCBuildConfiguration;
			buildSettings = {
				BUNDLE_LOADER = "$(TEST_HOST)";
				DEVELOPMENT_TEAM = TU5FVHN7L2;
				INFOPLIST_FILE = demoTests/Info.plist;
				LD_RUNPATH_SEARCH_PATHS = "$(inherited) @executable_path/Frameworks @loader_path/Frameworks";
				PRODUCT_BUNDLE_IDENTIFIER = netease.demoTests;
				PRODUCT_NAME = "$(TARGET_NAME)";
				TARGETED_DEVICE_FAMILY = "1,2";
				TEST_HOST = "$(BUILT_PRODUCTS_DIR)/demo.app/demo";
			};
			name = Release;
		};
		3EFE25A21F4AF972001F36B1 /* Debug */ = {
			isa = XCBuildConfiguration;
			buildSettings = {
				DEVELOPMENT_TEAM = TU5FVHN7L2;
				INFOPLIST_FILE = demoUITests/Info.plist;
				LD_RUNPATH_SEARCH_PATHS = "$(inherited) @executable_path/Frameworks @loader_path/Frameworks";
				PRODUCT_BUNDLE_IDENTIFIER = netease.demoUITests;
				PRODUCT_NAME = "$(TARGET_NAME)";
				TARGETED_DEVICE_FAMILY = "1,2";
				TEST_TARGET_NAME = demo;
			};
			name = Debug;
		};
		3EFE25A31F4AF972001F36B1 /* Release */ = {
			isa = XCBuildConfiguration;
			buildSettings = {
				DEVELOPMENT_TEAM = TU5FVHN7L2;
				INFOPLIST_FILE = demoUITests/Info.plist;
				LD_RUNPATH_SEARCH_PATHS = "$(inherited) @executable_path/Frameworks @loader_path/Frameworks";
				PRODUCT_BUNDLE_IDENTIFIER = netease.demoUITests;
				PRODUCT_NAME = "$(TARGET_NAME)";
				TARGETED_DEVICE_FAMILY = "1,2";
				TEST_TARGET_NAME = demo;
			};
			name = Release;
		};
/* End XCBuildConfiguration section */

/* Begin XCConfigurationList section */
		3EFE256A1F4AF972001F36B1 /* Build configuration list for PBXProject "demo" */ = {
			isa = XCConfigurationList;
			buildConfigurations = (
				3EFE25991F4AF972001F36B1 /* Debug */,
				3EFE259A1F4AF972001F36B1 /* Release */,
			);
			defaultConfigurationIsVisible = 0;
			defaultConfigurationName = Release;
		};
		3EFE259B1F4AF972001F36B1 /* Build configuration list for PBXNativeTarget "demo" */ = {
			isa = XCConfigurationList;
			buildConfigurations = (
				3EFE259C1F4AF972001F36B1 /* Debug */,
				3EFE259D1F4AF972001F36B1 /* Release */,
			);
			defaultConfigurationIsVisible = 0;
			defaultConfigurationName = Release;
		};
		3EFE259E1F4AF972001F36B1 /* Build configuration list for PBXNativeTarget "demoTests" */ = {
			isa = XCConfigurationList;
			buildConfigurations = (
				3EFE259F1F4AF972001F36B1 /* Debug */,
				3EFE25A01F4AF972001F36B1 /* Release */,
			);
			defaultConfigurationIsVisible = 0;
			defaultConfigurationName = Release;
		};
		3EFE25A11F4AF972001F36B1 /* Build configuration list for PBXNativeTarget "demoUITests" */ = {
			isa = XCConfigurationList;
			buildConfigurations = (
				3EFE25A21F4AF972001F36B1 /* Debug */,
				3EFE25A31F4AF972001F36B1 /* Release */,
			);
			defaultConfigurationIsVisible = 0;
			defaultConfigurationName = Release;
		};
/* End XCConfigurationList section */
	};
	rootObject = 3EFE25671F4AF972001F36B1 /* Project object */;
}
